
Microsoft Visual Studio Solution File, Format Version 12.00
# Visual Studio 14
VisualStudioVersion = 14.0.25420.1
MinimumVisualStudioVersion = 10.0.40219.1
Project("{FAE04EC0-301F-11D3-BF4B-00C04F79EFBC}") = "Work.WebProj.C591613_Tylyna", "Work.WebProj\Work.WebProj.C591613_Tylyna.csproj", "{821195B6-1744-4E05-B003-7DA64385CFB6}"
EndProject
Project("{FAE04EC0-301F-11D3-BF4B-00C04F79EFBC}") = "Work.BusinessLogic", "Work.Logic\Work.BusinessLogic.csproj", "{81F31D0B-5D7A-44F7-BA5B-362BF27FCC8D}"
EndProject
Project("{2150E333-8FDC-42A3-9474-1A3956D46DE8}") = ".nuget", ".nuget", "{8FD80CBF-BA78-482B-820A-9D0C6E84DED6}"
	ProjectSection(SolutionItems) = preProject
		.nuget\NuGet.Config = .nuget\NuGet.Config
		.nuget\NuGet.exe = .nuget\NuGet.exe
		.nuget\NuGet.targets = .nuget\NuGet.targets
	EndProjectSection
EndProject
Global
	GlobalSection(SolutionConfigurationPlatforms) = preSolution
		Debug|Any CPU = Debug|Any CPU
		Release|Any CPU = Release|Any CPU
	EndGlobalSection
	GlobalSection(ProjectConfigurationPlatforms) = postSolution
		{821195B6-1744-4E05-B003-7DA64385CFB6}.Debug|Any CPU.ActiveCfg = Debug|Any CPU
		{821195B6-1744-4E05-B003-7DA64385CFB6}.Debug|Any CPU.Build.0 = Debug|Any CPU
		{821195B6-1744-4E05-B003-7DA64385CFB6}.Release|Any CPU.ActiveCfg = Release|Any CPU
		{821195B6-1744-4E05-B003-7DA64385CFB6}.Release|Any CPU.Build.0 = Release|Any CPU
		{81F31D0B-5D7A-44F7-BA5B-362BF27FCC8D}.Debug|Any CPU.ActiveCfg = Debug|Any CPU
		{81F31D0B-5D7A-44F7-BA5B-362BF27FCC8D}.Debug|Any CPU.Build.0 = Debug|Any CPU
		{81F31D0B-5D7A-44F7-BA5B-362BF27FCC8D}.Release|Any CPU.ActiveCfg = Release|Any CPU
		{81F31D0B-5D7A-44F7-BA5B-362BF27FCC8D}.Release|Any CPU.Build.0 = Release|Any CPU
	EndGlobalSection
	GlobalSection(SolutionProperties) = preSolution
		HideSolutionNode = FALSE
	EndGlobalSection
EndGlobal
